// !$*UTF8*$!
{
	archiveVersion = 1;
	classes = {
	};
	objectVersion = 46;
	objects = {

/* Begin PBXBuildFile section */
		477BFBAD1F404A1200A3D79E /* main.swift in Sources */ = {isa = PBXBuildFile; fileRef = 477BFBAC1F404A1200A3D79E /* main.swift */; };
		477BFBB41F404B8200A3D79E /* MathML.swift in Sources */ = {isa = PBXBuildFile; fileRef = 477BFBB31F404B8200A3D79E /* MathML.swift */; };
		477BFBB61F404C7600A3D79E /* String+Char.swift in Sources */ = {isa = PBXBuildFile; fileRef = 477BFBB51F404C7600A3D79E /* String+Char.swift */; };
		477BFBB91F404E2B00A3D79E /* AST.swift in Sources */ = {isa = PBXBuildFile; fileRef = 477BFBB81F404E2B00A3D79E /* AST.swift */; };
		477BFBBE1F406CBC00A3D79E /* Parser.swift in Sources */ = {isa = PBXBuildFile; fileRef = 477BFBBC1F406CBC00A3D79E /* Parser.swift */; };
		477BFBBF1F406CBC00A3D79E /* Scanner.swift in Sources */ = {isa = PBXBuildFile; fileRef = 477BFBBD1F406CBC00A3D79E /* Scanner.swift */; };
		477BFBC11F40761800A3D79E /* Test.txt in CopyFiles */ = {isa = PBXBuildFile; fileRef = 477BFBC01F4075DD00A3D79E /* Test.txt */; };
/* End PBXBuildFile section */

/* Begin PBXCopyFilesBuildPhase section */
		477BFBA71F404A1200A3D79E /* CopyFiles */ = {
			isa = PBXCopyFilesBuildPhase;
			buildActionMask = 12;
			dstPath = "";
			dstSubfolderSpec = 16;
			files = (
				477BFBC11F40761800A3D79E /* Test.txt in CopyFiles */,
			);
			runOnlyForDeploymentPostprocessing = 0;
		};
/* End PBXCopyFilesBuildPhase section */

/* Begin PBXFileReference section */
		2FBB9FDC1F4319C6001894BC /* test.html */ = {isa = PBXFileReference; fileEncoding = 4; lastKnownFileType = text.html; path = test.html; sourceTree = "<group>"; };
		477BFBA91F404A1200A3D79E /* MakeMathML */ = {isa = PBXFileReference; explicitFileType = "compiled.mach-o.executable"; includeInIndex = 0; path = MakeMathML; sourceTree = BUILT_PRODUCTS_DIR; };
		477BFBAC1F404A1200A3D79E /* main.swift */ = {isa = PBXFileReference; lastKnownFileType = sourcecode.swift; path = main.swift; sourceTree = "<group>"; };
		477BFBB31F404B8200A3D79E /* MathML.swift */ = {isa = PBXFileReference; fileEncoding = 4; lastKnownFileType = sourcecode.swift; path = MathML.swift; sourceTree = "<group>"; };
		477BFBB51F404C7600A3D79E /* String+Char.swift */ = {isa = PBXFileReference; fileEncoding = 4; lastKnownFileType = sourcecode.swift; path = "String+Char.swift"; sourceTree = "<group>"; };
		477BFBB71F404CBA00A3D79E /* exp.atg */ = {isa = PBXFileReference; lastKnownFileType = text; path = exp.atg; sourceTree = "<group>"; };
		477BFBB81F404E2B00A3D79E /* AST.swift */ = {isa = PBXFileReference; fileEncoding = 4; lastKnownFileType = sourcecode.swift; path = AST.swift; sourceTree = "<group>"; };
		477BFBBC1F406CBC00A3D79E /* Parser.swift */ = {isa = PBXFileReference; fileEncoding = 4; lastKnownFileType = sourcecode.swift; path = Parser.swift; sourceTree = "<group>"; };
		477BFBBD1F406CBC00A3D79E /* Scanner.swift */ = {isa = PBXFileReference; fileEncoding = 4; lastKnownFileType = sourcecode.swift; path = Scanner.swift; sourceTree = "<group>"; };
		477BFBC01F4075DD00A3D79E /* Test.txt */ = {isa = PBXFileReference; fileEncoding = 4; lastKnownFileType = text; path = Test.txt; sourceTree = "<group>"; };
/* End PBXFileReference section */

/* Begin PBXFrameworksBuildPhase section */
		477BFBA61F404A1200A3D79E /* Frameworks */ = {
			isa = PBXFrameworksBuildPhase;
			buildActionMask = 2147483647;
			files = (
			);
			runOnlyForDeploymentPostprocessing = 0;
		};
/* End PBXFrameworksBuildPhase section */

/* Begin PBXGroup section */
		477BFBA01F404A1200A3D79E = {
			isa = PBXGroup;
			children = (
				477BFBAB1F404A1200A3D79E /* MakeMathML */,
				477BFBAA1F404A1200A3D79E /* Products */,
			);
			sourceTree = "<group>";
		};
		477BFBAA1F404A1200A3D79E /* Products */ = {
			isa = PBXGroup;
			children = (
				477BFBA91F404A1200A3D79E /* MakeMathML */,
			);
			name = Products;
			sourceTree = "<group>";
		};
		477BFBAB1F404A1200A3D79E /* MakeMathML */ = {
			isa = PBXGroup;
			children = (
				477BFBAC1F404A1200A3D79E /* main.swift */,
				477BFBB31F404B8200A3D79E /* MathML.swift */,
				477BFBBC1F406CBC00A3D79E /* Parser.swift */,
				477BFBBD1F406CBC00A3D79E /* Scanner.swift */,
				477BFBB51F404C7600A3D79E /* String+Char.swift */,
				477BFBB71F404CBA00A3D79E /* exp.atg */,
				477BFBB81F404E2B00A3D79E /* AST.swift */,
				477BFBC01F4075DD00A3D79E /* Test.txt */,
				2FBB9FDC1F4319C6001894BC /* test.html */,
			);
			path = MakeMathML;
			sourceTree = "<group>";
		};
/* End PBXGroup section */

/* Begin PBXNativeTarget section */
		477BFBA81F404A1200A3D79E /* MakeMathML */ = {
			isa = PBXNativeTarget;
			buildConfigurationList = 477BFBB01F404A1200A3D79E /* Build configuration list for PBXNativeTarget "MakeMathML" */;
			buildPhases = (
				477BFBA51F404A1200A3D79E /* Sources */,
				477BFBA61F404A1200A3D79E /* Frameworks */,
				477BFBA71F404A1200A3D79E /* CopyFiles */,
			);
			buildRules = (
			);
			dependencies = (
			);
			name = MakeMathML;
			productName = MakeMathML;
			productReference = 477BFBA91F404A1200A3D79E /* MakeMathML */;
			productType = "com.apple.product-type.tool";
		};
/* End PBXNativeTarget section */

/* Begin PBXProject section */
		477BFBA11F404A1200A3D79E /* Project object */ = {
			isa = PBXProject;
			attributes = {
				LastSwiftUpdateCheck = 0830;
				LastUpgradeCheck = 0830;
				ORGANIZATIONNAME = "Computer Inspirations";
				TargetAttributes = {
					477BFBA81F404A1200A3D79E = {
						CreatedOnToolsVersion = 8.3.3;
						DevelopmentTeam = 6389FT2N69;
						ProvisioningStyle = Automatic;
					};
				};
			};
			buildConfigurationList = 477BFBA41F404A1200A3D79E /* Build configuration list for PBXProject "MakeMathML" */;
			compatibilityVersion = "Xcode 3.2";
			developmentRegion = English;
			hasScannedForEncodings = 0;
			knownRegions = (
				en,
			);
			mainGroup = 477BFBA01F404A1200A3D79E;
			productRefGroup = 477BFBAA1F404A1200A3D79E /* Products */;
			projectDirPath = "";
			projectRoot = "";
			targets = (
				477BFBA81F404A1200A3D79E /* MakeMathML */,
			);
		};
/* End PBXProject section */

/* Begin PBXSourcesBuildPhase section */
		477BFBA51F404A1200A3D79E /* Sources */ = {
			isa = PBXSourcesBuildPhase;
			buildActionMask = 2147483647;
			files = (
				477BFBB91F404E2B00A3D79E /* AST.swift in Sources */,
				477BFBB41F404B8200A3D79E /* MathML.swift in Sources */,
				477BFBBE1F406CBC00A3D79E /* Parser.swift in Sources */,
				477BFBB61F404C7600A3D79E /* String+Char.swift in Sources */,
				477BFBBF1F406CBC00A3D79E /* Scanner.swift in Sources */,
				477BFBAD1F404A1200A3D79E /* main.swift in Sources */,
			);
			runOnlyForDeploymentPostprocessing = 0;
		};
/* End PBXSourcesBuildPhase section */

/* Begin XCBuildConfiguration section */
		477BFBAE1F404A1200A3D79E /* Debug */ = {
			isa = XCBuildConfiguration;
			buildSettings = {
				ALWAYS_SEARCH_USER_PATHS = NO;
				CLANG_ANALYZER_NONNULL = YES;
				CLANG_ANALYZER_NUMBER_OBJECT_CONVERSION = YES_AGGRESSIVE;
				CLANG_CXX_LANGUAGE_STANDARD = "gnu++0x";
				CLANG_CXX_LIBRARY = "libc++";
				CLANG_ENABLE_MODULES = YES;
				CLANG_ENABLE_OBJC_ARC = YES;
				CLANG_WARN_BOOL_CONVERSION = YES;
				CLANG_WARN_CONSTANT_CONVERSION = YES;
				CLANG_WARN_DIRECT_OBJC_ISA_USAGE = YES_ERROR;
				CLANG_WARN_DOCUMENTATION_COMMENTS = YES;
				CLANG_WARN_EMPTY_BODY = YES;
				CLANG_WARN_ENUM_CONVERSION = YES;
				CLANG_WARN_INFINITE_RECURSION = YES;
				CLANG_WARN_INT_CONVERSION = YES;
				CLANG_WARN_OBJC_ROOT_CLASS = YES_ERROR;
				CLANG_WARN_SUSPICIOUS_MOVE = YES;
				CLANG_WARN_UNREACHABLE_CODE = YES;
				CLANG_WARN__DUPLICATE_METHOD_MATCH = YES;
				CODE_SIGN_IDENTITY = "-";
				COPY_PHASE_STRIP = NO;
				DEBUG_INFORMATION_FORMAT = dwarf;
				ENABLE_STRICT_OBJC_MSGSEND = YES;
				ENABLE_TESTABILITY = YES;
				GCC_C_LANGUAGE_STANDARD = gnu99;
				GCC_DYNAMIC_NO_PIC = NO;
				GCC_NO_COMMON_BLOCKS = YES;
				GCC_OPTIMIZATION_LEVEL = 0;
				GCC_PREPROCESSOR_DEFINITIONS = (
					"DEBUG=1",
					"$(inherited)",
				);
				GCC_WARN_64_TO_32_BIT_CONVERSION = YES;
				GCC_WARN_ABOUT_RETURN_TYPE = YES_ERROR;
				GCC_WARN_UNDECLARED_SELECTOR = YES;
				GCC_WARN_UNINITIALIZED_AUTOS = YES_AGGRESSIVE;
				GCC_WARN_UNUSED_FUNCTION = YES;
				GCC_WARN_UNUSED_VARIABLE = YES;
				MACOSX_DEPLOYMENT_TARGET = 10.12;
				MTL_ENABLE_DEBUG_INFO = YES;
				ONLY_ACTIVE_ARCH = YES;
				SDKROOT = macosx;
				SWIFT_OPTIMIZATION_LEVEL = "-Onone";
			};
			name = Debug;
		};
		477BFBAF1F404A1200A3D79E /* Release */ = {
			isa = XCBuildConfiguration;
			buildSettings = {
				ALWAYS_SEARCH_USER_PATHS = NO;
				CLANG_ANALYZER_NONNULL = YES;
				CLANG_ANALYZER_NUMBER_OBJECT_CONVERSION = YES_AGGRESSIVE;
				CLANG_CXX_LANGUAGE_STANDARD = "gnu++0x";
				CLANG_CXX_LIBRARY = "libc++";
				CLANG_ENABLE_MODULES = YES;
				CLANG_ENABLE_OBJC_ARC = YES;
				CLANG_WARN_BOOL_CONVERSION = YES;
				CLANG_WARN_CONSTANT_CONVERSION = YES;
				CLANG_WARN_DIRECT_OBJC_ISA_USAGE = YES_ERROR;
				CLANG_WARN_DOCUMENTATION_COMMENTS = YES;
				CLANG_WARN_EMPTY_BODY = YES;
				CLANG_WARN_ENUM_CONVERSION = YES;
				CLANG_WARN_INFINITE_RECURSION = YES;
				CLANG_WARN_INT_CONVERSION = YES;
				CLANG_WARN_OBJC_ROOT_CLASS = YES_ERROR;
				CLANG_WARN_SUSPICIOUS_MOVE = YES;
				CLANG_WARN_UNREACHABLE_CODE = YES;
				CLANG_WARN__DUPLICATE_METHOD_MATCH = YES;
				CODE_SIGN_IDENTITY = "-";
				COPY_PHASE_STRIP = NO;
				DEBUG_INFORMATION_FORMAT = "dwarf-with-dsym";
				ENABLE_NS_ASSERTIONS = NO;
				ENABLE_STRICT_OBJC_MSGSEND = YES;
				GCC_C_LANGUAGE_STANDARD = gnu99;
				GCC_NO_COMMON_BLOCKS = YES;
				GCC_WARN_64_TO_32_BIT_CONVERSION = YES;
				GCC_WARN_ABOUT_RETURN_TYPE = YES_ERROR;
				GCC_WARN_UNDECLARED_SELECTOR = YES;
				GCC_WARN_UNINITIALIZED_AUTOS = YES_AGGRESSIVE;
				GCC_WARN_UNUSED_FUNCTION = YES;
				GCC_WARN_UNUSED_VARIABLE = YES;
				MACOSX_DEPLOYMENT_TARGET = 10.12;
				MTL_ENABLE_DEBUG_INFO = NO;
				SDKROOT = macosx;
			};
			name = Release;
		};
		477BFBB11F404A1200A3D79E /* Debug */ = {
			isa = XCBuildConfiguration;
			buildSettings = {
				DEVELOPMENT_TEAM = 6389FT2N69;
				PRODUCT_NAME = "$(TARGET_NAME)";
				SWIFT_VERSION = 3.0;
			};
			name = Debug;
		};
		477BFBB21F404A1200A3D79E /* Release */ = {
			isa = XCBuildConfiguration;
			buildSettings = {
				DEVELOPMENT_TEAM = 6389FT2N69;
				PRODUCT_NAME = "$(TARGET_NAME)";
				SWIFT_VERSION = 3.0;
			};
			name = Release;
		};
/* End XCBuildConfiguration section */

/* Begin XCConfigurationList section */
		477BFBA41F404A1200A3D79E /* Build configuration list for PBXProject "MakeMathML" */ = {
			isa = XCConfigurationList;
			buildConfigurations = (
				477BFBAE1F404A1200A3D79E /* Debug */,
				477BFBAF1F404A1200A3D79E /* Release */,
			);
			defaultConfigurationIsVisible = 0;
			defaultConfigurationName = Release;
		};
		477BFBB01F404A1200A3D79E /* Build configuration list for PBXNativeTarget "MakeMathML" */ = {
			isa = XCConfigurationList;
			buildConfigurations = (
				477BFBB11F404A1200A3D79E /* Debug */,
				477BFBB21F404A1200A3D79E /* Release */,
			);
			defaultConfigurationIsVisible = 0;
			defaultConfigurationName = Release;
		};
/* End XCConfigurationList section */
	};
	rootObject = 477BFBA11F404A1200A3D79E /* Project object */;
}
